{
  "name": "edge-script",
  "lockfileVersion": 3,
  "requires": true,
  "packages": {
    "": {
      "name": "edge-script",
      "dependencies": {
        "@bunny.net/edgescript-sdk": "^0.12.1"
      }
    },
    "node_modules/@bunny.net/edgescript-sdk": {
      "version": "0.12.1",
      "resolved": "https://registry.npmjs.org/@bunny.net/edgescript-sdk/-/edgescript-sdk-0.12.1.tgz",
      "integrity": "sha512-+B+AUnfA+9y6PlyX6BNL2Uk8x3vExRIKKP+rH0r4UnEWRiJZsbuEnZg5Au6pglf67NumP8tOwbrqP9jS4e+jDQ==",
      "license": "MIT",
      "dependencies": {
        "@hono/node-server": "^1.12.0",
        "hono": "^4.5.5"
      }
    },
    "node_modules/@hono/node-server": {
      "version": "1.19.14",
      "resolved": "https://registry.npmjs.org/@hono/node-server/-/node-server-1.19.14.tgz",
      "integrity": "sha512-GwtvgtXxnWsucXvbQXkRgqksiH2Qed37H9xHZocE5sA3N8O8O8/8FA3uclQXxXVzc9XBZuEOMK7+r02FmSpHtw==",
      "license": "MIT",
      "engines": {
        "node": ">=18.14.1"
      },
      "peerDependencies": {
        "hono": "^4"
      }
    },
    "node_modules/hono": {
      "version": "4.12.25",
      "resolved": "https://registry.npmjs.org/hono/-/hono-4.12.25.tgz",
      "integrity": "sha512-2NFaIyNVgJmBs/ecmtGzlmluTFs5cHEWGTdu0t1HBwYzoGXOL5nUQBRMXsXWla5i4KkG//QMzVP88m1+I3fdAQ==",
      "license": "MIT",
      "engines": {
        "node": ">=16.9.0"
      }
    }
  }
}
